
Microsoft Visual Studio Solution File, Format Version 12.00
# Visual Studio Version 17
VisualStudioVersion = 17.0.32126.317
MinimumVisualStudioVersion = 10.0.40219.1
Project("{FAE04EC0-301F-11D3-BF4B-00C04F79EFBC}") = "Identificacion", "Identificacion\Identificacion.csproj", "{11F4B573-B991-4E57-959B-4D0BB076234F}"
EndProject
Global
	GlobalSection(SolutionConfigurationPlatforms) = preSolution
		Debug|Any CPU = Debug|Any CPU
		Release|Any CPU = Release|Any CPU
	EndGlobalSection
	GlobalSection(ProjectConfigurationPlatforms) = postSolution
		{11F4B573-B991-4E57-959B-4D0BB076234F}.Debug|Any CPU.ActiveCfg = Debug|Any CPU
		{11F4B573-B991-4E57-959B-4D0BB076234F}.Debug|Any CPU.Build.0 = Debug|Any CPU
		{11F4B573-B991-4E57-959B-4D0BB076234F}.Release|Any CPU.ActiveCfg = Release|Any CPU
		{11F4B573-B991-4E57-959B-4D0BB076234F}.Release|Any CPU.Build.0 = Release|Any CPU
	EndGlobalSection
	GlobalSection(SolutionProperties) = preSolution
		HideSolutionNode = FALSE
	EndGlobalSection
	GlobalSection(ExtensibilityGlobals) = postSolution
		SolutionGuid = {5646E7F0-E136-4B80-896D-D758D10519E5}
	EndGlobalSection
EndGlobal
